# This file is automatically @generated by Cargo.
# It is not intended for manual editing.
[[package]]
name = "compression"
version = "0.1.0"
dependencies = [
 "pkg-config 0.3.17 (registry+https://github.com/rust-lang/crates.io-index)",
 "rust-lzma 0.4.0 (registry+https://github.com/rust-lang/crates.io-index)",
]

[[package]]
name = "pkg-config"
version = "0.3.17"
source = "registry+https://github.com/rust-lang/crates.io-index"

[[package]]
name = "rust-lzma"
version = "0.4.0"
source = "registry+https://github.com/rust-lang/crates.io-index"
dependencies = [
 "pkg-config 0.3.17 (registry+https://github.com/rust-lang/crates.io-index)",
]

[metadata]
"checksum pkg-config 0.3.17 (registry+https://github.com/rust-lang/crates.io-index)" = "05da548ad6865900e60eaba7f589cc0783590a92e940c26953ff81ddbab2d677"
"checksum rust-lzma 0.4.0 (registry+https://github.com/rust-lang/crates.io-index)" = "c584b6338d00183ee853f099e2560eeda850925850f90ba35471423958a27ba5"
